
Microsoft Visual Studio Solution File, Format Version 12.00
# Visual Studio Version 16
VisualStudioVersion = 16.0.30309.148
MinimumVisualStudioVersion = 10.0.40219.1
Project("{FAE04EC0-301F-11D3-BF4B-00C04F79EFBC}") = "delta_UML", "delta_UML\delta_UML.csproj", "{C5FCDD82-F86D-4251-A3FA-1723309ED3C8}"
EndProject
Project("{FAE04EC0-301F-11D3-BF4B-00C04F79EFBC}") = "core", "core\core.csproj", "{11CDB804-3D1E-4226-AE16-86E3026CD843}"
EndProject
Project("{FAE04EC0-301F-11D3-BF4B-00C04F79EFBC}") = "Persistence", "Persistence\Persistence.csproj", "{76F914BF-917E-46C7-804F-AEDFA2EBFBCC}"
EndProject
Project("{FAE04EC0-301F-11D3-BF4B-00C04F79EFBC}") = "presentation", "presentation\presentation.csproj", "{9175D4F5-FACC-4052-B272-48A1C8FB24C2}"
EndProject
Global
	GlobalSection(SolutionConfigurationPlatforms) = preSolution
		Debug|Any CPU = Debug|Any CPU
		Release|Any CPU = Release|Any CPU
	EndGlobalSection
	GlobalSection(ProjectConfigurationPlatforms) = postSolution
		{C5FCDD82-F86D-4251-A3FA-1723309ED3C8}.Debug|Any CPU.ActiveCfg = Debug|Any CPU
		{C5FCDD82-F86D-4251-A3FA-1723309ED3C8}.Debug|Any CPU.Build.0 = Debug|Any CPU
		{C5FCDD82-F86D-4251-A3FA-1723309ED3C8}.Release|Any CPU.ActiveCfg = Release|Any CPU
		{C5FCDD82-F86D-4251-A3FA-1723309ED3C8}.Release|Any CPU.Build.0 = Release|Any CPU
		{11CDB804-3D1E-4226-AE16-86E3026CD843}.Debug|Any CPU.ActiveCfg = Debug|Any CPU
		{11CDB804-3D1E-4226-AE16-86E3026CD843}.Debug|Any CPU.Build.0 = Debug|Any CPU
		{11CDB804-3D1E-4226-AE16-86E3026CD843}.Release|Any CPU.ActiveCfg = Release|Any CPU
		{11CDB804-3D1E-4226-AE16-86E3026CD843}.Release|Any CPU.Build.0 = Release|Any CPU
		{76F914BF-917E-46C7-804F-AEDFA2EBFBCC}.Debug|Any CPU.ActiveCfg = Debug|Any CPU
		{76F914BF-917E-46C7-804F-AEDFA2EBFBCC}.Debug|Any CPU.Build.0 = Debug|Any CPU
		{76F914BF-917E-46C7-804F-AEDFA2EBFBCC}.Release|Any CPU.ActiveCfg = Release|Any CPU
		{76F914BF-917E-46C7-804F-AEDFA2EBFBCC}.Release|Any CPU.Build.0 = Release|Any CPU
		{9175D4F5-FACC-4052-B272-48A1C8FB24C2}.Debug|Any CPU.ActiveCfg = Debug|Any CPU
		{9175D4F5-FACC-4052-B272-48A1C8FB24C2}.Debug|Any CPU.Build.0 = Debug|Any CPU
		{9175D4F5-FACC-4052-B272-48A1C8FB24C2}.Release|Any CPU.ActiveCfg = Release|Any CPU
		{9175D4F5-FACC-4052-B272-48A1C8FB24C2}.Release|Any CPU.Build.0 = Release|Any CPU
	EndGlobalSection
	GlobalSection(SolutionProperties) = preSolution
		HideSolutionNode = FALSE
	EndGlobalSection
	GlobalSection(ExtensibilityGlobals) = postSolution
		SolutionGuid = {0EFD3014-E86A-446F-B266-17EFBD25C336}
	EndGlobalSection
EndGlobal
