
Microsoft Visual Studio Solution File, Format Version 12.00
# Visual Studio Version 16
VisualStudioVersion = 16.0.30309.148
MinimumVisualStudioVersion = 10.0.40219.1
Project("{FAE04EC0-301F-11D3-BF4B-00C04F79EFBC}") = "delta_UML", "delta_UML\delta_UML.csproj", "{C5FCDD82-F86D-4251-A3FA-1723309ED3C8}"
EndProject
Project("{FAE04EC0-301F-11D3-BF4B-00C04F79EFBC}") = "core", "core\core.csproj", "{11CDB804-3D1E-4226-AE16-86E3026CD843}"
EndProject
Project("{FAE04EC0-301F-11D3-BF4B-00C04F79EFBC}") = "Persistence", "Persistence\Persistence.csproj", "{76F914BF-917E-46C7-804F-AEDFA2EBFBCC}"
EndProject
Project("{FAE04EC0-301F-11D3-BF4B-00C04F79EFBC}") = "presentation", "presentation\presentation.csproj", "{9175D4F5-FACC-4052-B272-48A1C8FB24C2}"
EndProject
Project("{2150E333-8FDC-42A3-9474-1A3956D46DE8}") = "Plugins", "Plugins", "{E37942CD-5643-4CF9-8D4D-186FACE5197F}"
EndProject
Project("{FAE04EC0-301F-11D3-BF4B-00C04F79EFBC}") = "ClassDiagramComponents", "ClassDiagram\ClassDiagramComponents.csproj", "{16F894D2-903D-4534-B595-F35068858117}"
EndProject
Project("{2150E333-8FDC-42A3-9474-1A3956D46DE8}") = "Diagrams", "Diagrams", "{7A177D96-C983-421E-8E19-1905250385B5}"
EndProject
Project("{FAE04EC0-301F-11D3-BF4B-00C04F79EFBC}") = "SequenceDiagram", "SequenceDiagram\SequenceDiagram.csproj", "{30F34816-1978-461E-AD67-E934EBD0EA60}"
EndProject
Project("{F184B08F-C81C-45F6-A57F-5ABD9991F28F}") = "DeltaUMLSdk", "DeltaUMLSdk\DeltaUMLSdk.vbproj", "{73BB13B3-A9D3-44D9-A7A5-60BC70C43925}"
EndProject
Global
	GlobalSection(SolutionConfigurationPlatforms) = preSolution
		Debug|Any CPU = Debug|Any CPU
		Release|Any CPU = Release|Any CPU
	EndGlobalSection
	GlobalSection(ProjectConfigurationPlatforms) = postSolution
		{C5FCDD82-F86D-4251-A3FA-1723309ED3C8}.Debug|Any CPU.ActiveCfg = Debug|Any CPU
		{C5FCDD82-F86D-4251-A3FA-1723309ED3C8}.Debug|Any CPU.Build.0 = Debug|Any CPU
		{C5FCDD82-F86D-4251-A3FA-1723309ED3C8}.Release|Any CPU.ActiveCfg = Release|Any CPU
		{C5FCDD82-F86D-4251-A3FA-1723309ED3C8}.Release|Any CPU.Build.0 = Release|Any CPU
		{11CDB804-3D1E-4226-AE16-86E3026CD843}.Debug|Any CPU.ActiveCfg = Debug|Any CPU
		{11CDB804-3D1E-4226-AE16-86E3026CD843}.Debug|Any CPU.Build.0 = Debug|Any CPU
		{11CDB804-3D1E-4226-AE16-86E3026CD843}.Release|Any CPU.ActiveCfg = Release|Any CPU
		{11CDB804-3D1E-4226-AE16-86E3026CD843}.Release|Any CPU.Build.0 = Release|Any CPU
		{76F914BF-917E-46C7-804F-AEDFA2EBFBCC}.Debug|Any CPU.ActiveCfg = Debug|Any CPU
		{76F914BF-917E-46C7-804F-AEDFA2EBFBCC}.Debug|Any CPU.Build.0 = Debug|Any CPU
		{76F914BF-917E-46C7-804F-AEDFA2EBFBCC}.Release|Any CPU.ActiveCfg = Release|Any CPU
		{76F914BF-917E-46C7-804F-AEDFA2EBFBCC}.Release|Any CPU.Build.0 = Release|Any CPU
		{9175D4F5-FACC-4052-B272-48A1C8FB24C2}.Debug|Any CPU.ActiveCfg = Debug|Any CPU
		{9175D4F5-FACC-4052-B272-48A1C8FB24C2}.Debug|Any CPU.Build.0 = Debug|Any CPU
		{9175D4F5-FACC-4052-B272-48A1C8FB24C2}.Release|Any CPU.ActiveCfg = Release|Any CPU
		{9175D4F5-FACC-4052-B272-48A1C8FB24C2}.Release|Any CPU.Build.0 = Release|Any CPU
		{16F894D2-903D-4534-B595-F35068858117}.Debug|Any CPU.ActiveCfg = Debug|Any CPU
		{16F894D2-903D-4534-B595-F35068858117}.Debug|Any CPU.Build.0 = Debug|Any CPU
		{16F894D2-903D-4534-B595-F35068858117}.Release|Any CPU.ActiveCfg = Release|Any CPU
		{16F894D2-903D-4534-B595-F35068858117}.Release|Any CPU.Build.0 = Release|Any CPU
		{30F34816-1978-461E-AD67-E934EBD0EA60}.Debug|Any CPU.ActiveCfg = Debug|Any CPU
		{30F34816-1978-461E-AD67-E934EBD0EA60}.Debug|Any CPU.Build.0 = Debug|Any CPU
		{30F34816-1978-461E-AD67-E934EBD0EA60}.Release|Any CPU.ActiveCfg = Release|Any CPU
		{30F34816-1978-461E-AD67-E934EBD0EA60}.Release|Any CPU.Build.0 = Release|Any CPU
		{73BB13B3-A9D3-44D9-A7A5-60BC70C43925}.Debug|Any CPU.ActiveCfg = Debug|Any CPU
		{73BB13B3-A9D3-44D9-A7A5-60BC70C43925}.Debug|Any CPU.Build.0 = Debug|Any CPU
		{73BB13B3-A9D3-44D9-A7A5-60BC70C43925}.Release|Any CPU.ActiveCfg = Release|Any CPU
		{73BB13B3-A9D3-44D9-A7A5-60BC70C43925}.Release|Any CPU.Build.0 = Release|Any CPU
	EndGlobalSection
	GlobalSection(SolutionProperties) = preSolution
		HideSolutionNode = FALSE
	EndGlobalSection
	GlobalSection(NestedProjects) = preSolution
		{16F894D2-903D-4534-B595-F35068858117} = {7A177D96-C983-421E-8E19-1905250385B5}
		{7A177D96-C983-421E-8E19-1905250385B5} = {E37942CD-5643-4CF9-8D4D-186FACE5197F}
		{30F34816-1978-461E-AD67-E934EBD0EA60} = {7A177D96-C983-421E-8E19-1905250385B5}
		{73BB13B3-A9D3-44D9-A7A5-60BC70C43925} = {7A177D96-C983-421E-8E19-1905250385B5}
	EndGlobalSection
	GlobalSection(ExtensibilityGlobals) = postSolution
		SolutionGuid = {0EFD3014-E86A-446F-B266-17EFBD25C336}
	EndGlobalSection
EndGlobal
